
Microsoft Visual Studio Solution File, Format Version 12.00
# Visual Studio Version 16
VisualStudioVersion = 16.0.30011.22
MinimumVisualStudioVersion = 10.0.40219.1
Project("{FAE04EC0-301F-11D3-BF4B-00C04F79EFBC}") = "MotorMonitoring.App", "MotorMonitoring.App\MotorMonitoring.App.csproj", "{607B6C7B-5679-4F94-9670-FF95A11B3455}"
EndProject
Project("{FAE04EC0-301F-11D3-BF4B-00C04F79EFBC}") = "MotorMonitoring.Model", "MotorMonitoring.Model\MotorMonitoring.Model.csproj", "{AD1F4CD3-2C1A-4CAF-A1E7-43492F2E1FB4}"
EndProject
Project("{FAE04EC0-301F-11D3-BF4B-00C04F79EFBC}") = "MotorMonitoring.DAL", "MotorMonitoring.DAL\MotorMonitoring.DAL.csproj", "{5400E6B4-1B43-445A-A220-40DC7BAB7FF1}"
EndProject
Global
	GlobalSection(SolutionConfigurationPlatforms) = preSolution
		Debug|Any CPU = Debug|Any CPU
		Release|Any CPU = Release|Any CPU
	EndGlobalSection
	GlobalSection(ProjectConfigurationPlatforms) = postSolution
		{607B6C7B-5679-4F94-9670-FF95A11B3455}.Debug|Any CPU.ActiveCfg = Debug|Any CPU
		{607B6C7B-5679-4F94-9670-FF95A11B3455}.Debug|Any CPU.Build.0 = Debug|Any CPU
		{607B6C7B-5679-4F94-9670-FF95A11B3455}.Release|Any CPU.ActiveCfg = Release|Any CPU
		{607B6C7B-5679-4F94-9670-FF95A11B3455}.Release|Any CPU.Build.0 = Release|Any CPU
		{AD1F4CD3-2C1A-4CAF-A1E7-43492F2E1FB4}.Debug|Any CPU.ActiveCfg = Debug|Any CPU
		{AD1F4CD3-2C1A-4CAF-A1E7-43492F2E1FB4}.Debug|Any CPU.Build.0 = Debug|Any CPU
		{AD1F4CD3-2C1A-4CAF-A1E7-43492F2E1FB4}.Release|Any CPU.ActiveCfg = Release|Any CPU
		{AD1F4CD3-2C1A-4CAF-A1E7-43492F2E1FB4}.Release|Any CPU.Build.0 = Release|Any CPU
		{5400E6B4-1B43-445A-A220-40DC7BAB7FF1}.Debug|Any CPU.ActiveCfg = Debug|Any CPU
		{5400E6B4-1B43-445A-A220-40DC7BAB7FF1}.Debug|Any CPU.Build.0 = Debug|Any CPU
		{5400E6B4-1B43-445A-A220-40DC7BAB7FF1}.Release|Any CPU.ActiveCfg = Release|Any CPU
		{5400E6B4-1B43-445A-A220-40DC7BAB7FF1}.Release|Any CPU.Build.0 = Release|Any CPU
	EndGlobalSection
	GlobalSection(SolutionProperties) = preSolution
		HideSolutionNode = FALSE
	EndGlobalSection
	GlobalSection(ExtensibilityGlobals) = postSolution
		SolutionGuid = {573E3E96-1EE7-4947-8B53-295395A6F198}
	EndGlobalSection
EndGlobal
